
Microsoft Visual Studio Solution File, Format Version 12.00
# Visual Studio 2013
VisualStudioVersion = 12.0.31101.0
MinimumVisualStudioVersion = 10.0.40219.1
Project("{8BC9CEB8-8B4A-11D0-8D11-00A0C91BC942}") = "Test", "Test\Test.vcxproj", "{09B7DCF5-4557-4533-87B1-1FD116F01F12}"
EndProject
Project("{8BC9CEB8-8B4A-11D0-8D11-00A0C91BC942}") = "0706", "0706\0706.vcxproj", "{1D980CF9-414A-46B3-B2B8-54C354C8E00E}"
EndProject
Project("{8BC9CEB8-8B4A-11D0-8D11-00A0C91BC942}") = "0708", "0708\0708.vcxproj", "{280A5494-565A-47A3-BA04-FF1732415EE6}"
EndProject
Project("{8BC9CEB8-8B4A-11D0-8D11-00A0C91BC942}") = "0709", "0709\0709.vcxproj", "{3E197226-AD37-416B-8233-3A2DF81D51A2}"
EndProject
Project("{8BC9CEB8-8B4A-11D0-8D11-00A0C91BC942}") = "0710", "0710\0710.vcxproj", "{F278161E-C699-4367-860F-AB4D6FA6B428}"
EndProject
Global
	GlobalSection(SolutionConfigurationPlatforms) = preSolution
		Debug|Win32 = Debug|Win32
		Release|Win32 = Release|Win32
	EndGlobalSection
	GlobalSection(ProjectConfigurationPlatforms) = postSolution
		{09B7DCF5-4557-4533-87B1-1FD116F01F12}.Debug|Win32.ActiveCfg = Debug|Win32
		{09B7DCF5-4557-4533-87B1-1FD116F01F12}.Debug|Win32.Build.0 = Debug|Win32
		{09B7DCF5-4557-4533-87B1-1FD116F01F12}.Release|Win32.ActiveCfg = Release|Win32
		{09B7DCF5-4557-4533-87B1-1FD116F01F12}.Release|Win32.Build.0 = Release|Win32
		{1D980CF9-414A-46B3-B2B8-54C354C8E00E}.Debug|Win32.ActiveCfg = Debug|Win32
		{1D980CF9-414A-46B3-B2B8-54C354C8E00E}.Debug|Win32.Build.0 = Debug|Win32
		{1D980CF9-414A-46B3-B2B8-54C354C8E00E}.Release|Win32.ActiveCfg = Release|Win32
		{1D980CF9-414A-46B3-B2B8-54C354C8E00E}.Release|Win32.Build.0 = Release|Win32
		{280A5494-565A-47A3-BA04-FF1732415EE6}.Debug|Win32.ActiveCfg = Debug|Win32
		{280A5494-565A-47A3-BA04-FF1732415EE6}.Debug|Win32.Build.0 = Debug|Win32
		{280A5494-565A-47A3-BA04-FF1732415EE6}.Release|Win32.ActiveCfg = Release|Win32
		{280A5494-565A-47A3-BA04-FF1732415EE6}.Release|Win32.Build.0 = Release|Win32
		{3E197226-AD37-416B-8233-3A2DF81D51A2}.Debug|Win32.ActiveCfg = Debug|Win32
		{3E197226-AD37-416B-8233-3A2DF81D51A2}.Debug|Win32.Build.0 = Debug|Win32
		{3E197226-AD37-416B-8233-3A2DF81D51A2}.Release|Win32.ActiveCfg = Release|Win32
		{3E197226-AD37-416B-8233-3A2DF81D51A2}.Release|Win32.Build.0 = Release|Win32
		{F278161E-C699-4367-860F-AB4D6FA6B428}.Debug|Win32.ActiveCfg = Debug|Win32
		{F278161E-C699-4367-860F-AB4D6FA6B428}.Debug|Win32.Build.0 = Debug|Win32
		{F278161E-C699-4367-860F-AB4D6FA6B428}.Release|Win32.ActiveCfg = Release|Win32
		{F278161E-C699-4367-860F-AB4D6FA6B428}.Release|Win32.Build.0 = Release|Win32
	EndGlobalSection
	GlobalSection(SolutionProperties) = preSolution
		HideSolutionNode = FALSE
	EndGlobalSection
EndGlobal
